// !$*UTF8*$!
{
	archiveVersion = 1;
	classes = {
	};
	objectVersion = 56;
	objects = {

/* Begin PBXBuildFile section */
		5445A55D2C08CF5F003AC5E1 /* OnboardingView.swift in Sources */ = {isa = PBXBuildFile; fileRef = 5445A55C2C08CF5F003AC5E1 /* OnboardingView.swift */; };
		5445A5602C08CFF6003AC5E1 /* ImageEnum.swift in Sources */ = {isa = PBXBuildFile; fileRef = 5445A55F2C08CFF6003AC5E1 /* ImageEnum.swift */; };
		5445A5622C08D046003AC5E1 /* SizeExtensions.swift in Sources */ = {isa = PBXBuildFile; fileRef = 5445A5612C08D046003AC5E1 /* SizeExtensions.swift */; };
		5445A5652C08D1D8003AC5E1 /* OnboardingText.swift in Sources */ = {isa = PBXBuildFile; fileRef = 5445A5642C08D1D8003AC5E1 /* OnboardingText.swift */; };
		5445A56B2C08E303003AC5E1 /* HomeView.swift in Sources */ = {isa = PBXBuildFile; fileRef = 5445A56A2C08E303003AC5E1 /* HomeView.swift */; };
		54BB9F2A2C1C70570005BCFD /* RegisterView.swift in Sources */ = {isa = PBXBuildFile; fileRef = 54BB9F292C1C70570005BCFD /* RegisterView.swift */; };
		54BB9F2C2C1C73BF0005BCFD /* View.swift in Sources */ = {isa = PBXBuildFile; fileRef = 54BB9F2B2C1C73BF0005BCFD /* View.swift */; };
		54BB9F2E2C1C792D0005BCFD /* SecurityTextField.swift in Sources */ = {isa = PBXBuildFile; fileRef = 54BB9F2D2C1C792D0005BCFD /* SecurityTextField.swift */; };
		54C170FE2C0780FE00AFA983 /* Expense_TrackerApp.swift in Sources */ = {isa = PBXBuildFile; fileRef = 54C170FD2C0780FE00AFA983 /* Expense_TrackerApp.swift */; };
		54C171022C07810000AFA983 /* Assets.xcassets in Resources */ = {isa = PBXBuildFile; fileRef = 54C171012C07810000AFA983 /* Assets.xcassets */; };
		54C171052C07810000AFA983 /* Preview Assets.xcassets in Resources */ = {isa = PBXBuildFile; fileRef = 54C171042C07810000AFA983 /* Preview Assets.xcassets */; };
		54C1710D2C07814E00AFA983 /* AuthView.swift in Sources */ = {isa = PBXBuildFile; fileRef = 54C1710C2C07814E00AFA983 /* AuthView.swift */; };
/* End PBXBuildFile section */

/* Begin PBXFileReference section */
		5445A55C2C08CF5F003AC5E1 /* OnboardingView.swift */ = {isa = PBXFileReference; lastKnownFileType = sourcecode.swift; path = OnboardingView.swift; sourceTree = "<group>"; };
		5445A55F2C08CFF6003AC5E1 /* ImageEnum.swift */ = {isa = PBXFileReference; lastKnownFileType = sourcecode.swift; path = ImageEnum.swift; sourceTree = "<group>"; };
		5445A5612C08D046003AC5E1 /* SizeExtensions.swift */ = {isa = PBXFileReference; lastKnownFileType = sourcecode.swift; path = SizeExtensions.swift; sourceTree = "<group>"; };
		5445A5642C08D1D8003AC5E1 /* OnboardingText.swift */ = {isa = PBXFileReference; lastKnownFileType = sourcecode.swift; path = OnboardingText.swift; sourceTree = "<group>"; };
		5445A56A2C08E303003AC5E1 /* HomeView.swift */ = {isa = PBXFileReference; lastKnownFileType = sourcecode.swift; path = HomeView.swift; sourceTree = "<group>"; };
		54BB9F292C1C70570005BCFD /* RegisterView.swift */ = {isa = PBXFileReference; lastKnownFileType = sourcecode.swift; path = RegisterView.swift; sourceTree = "<group>"; };
		54BB9F2B2C1C73BF0005BCFD /* View.swift */ = {isa = PBXFileReference; lastKnownFileType = sourcecode.swift; path = View.swift; sourceTree = "<group>"; };
		54BB9F2D2C1C792D0005BCFD /* SecurityTextField.swift */ = {isa = PBXFileReference; lastKnownFileType = sourcecode.swift; path = SecurityTextField.swift; sourceTree = "<group>"; };
		54C170FA2C0780FE00AFA983 /* Expense Tracker.app */ = {isa = PBXFileReference; explicitFileType = wrapper.application; includeInIndex = 0; path = "Expense Tracker.app"; sourceTree = BUILT_PRODUCTS_DIR; };
		54C170FD2C0780FE00AFA983 /* Expense_TrackerApp.swift */ = {isa = PBXFileReference; lastKnownFileType = sourcecode.swift; path = Expense_TrackerApp.swift; sourceTree = "<group>"; };
		54C171012C07810000AFA983 /* Assets.xcassets */ = {isa = PBXFileReference; lastKnownFileType = folder.assetcatalog; path = Assets.xcassets; sourceTree = "<group>"; };
		54C171042C07810000AFA983 /* Preview Assets.xcassets */ = {isa = PBXFileReference; lastKnownFileType = folder.assetcatalog; path = "Preview Assets.xcassets"; sourceTree = "<group>"; };
		54C1710C2C07814E00AFA983 /* AuthView.swift */ = {isa = PBXFileReference; lastKnownFileType = sourcecode.swift; path = AuthView.swift; sourceTree = "<group>"; };
/* End PBXFileReference section */

/* Begin PBXFrameworksBuildPhase section */
		54C170F72C0780FE00AFA983 /* Frameworks */ = {
			isa = PBXFrameworksBuildPhase;
			buildActionMask = 2147483647;
			files = (
			);
			runOnlyForDeploymentPostprocessing = 0;
		};
/* End PBXFrameworksBuildPhase section */

/* Begin PBXGroup section */
		5445A55B2C08CF48003AC5E1 /* Onboarding */ = {
			isa = PBXGroup;
			children = (
				5445A55C2C08CF5F003AC5E1 /* OnboardingView.swift */,
			);
			path = Onboarding;
			sourceTree = "<group>";
		};
		5445A55E2C08CFE9003AC5E1 /* Extensions */ = {
			isa = PBXGroup;
			children = (
				5445A55F2C08CFF6003AC5E1 /* ImageEnum.swift */,
				5445A5612C08D046003AC5E1 /* SizeExtensions.swift */,
				54BB9F2B2C1C73BF0005BCFD /* View.swift */,
			);
			path = Extensions;
			sourceTree = "<group>";
		};
		5445A5632C08D0D8003AC5E1 /* Components */ = {
			isa = PBXGroup;
			children = (
				5445A5642C08D1D8003AC5E1 /* OnboardingText.swift */,
				54BB9F2D2C1C792D0005BCFD /* SecurityTextField.swift */,
			);
			path = Components;
			sourceTree = "<group>";
		};
		5445A5662C08E254003AC5E1 /* Views */ = {
			isa = PBXGroup;
			children = (
				54C1710B2C07814000AFA983 /* AuthView */,
				5445A5692C08E296003AC5E1 /* DetailSpendings */,
				5445A5682C08E276003AC5E1 /* HomeView */,
				5445A55B2C08CF48003AC5E1 /* Onboarding */,
				54BB9F282C1C70440005BCFD /* RegisterView */,
				5445A5672C08E26C003AC5E1 /* TabBar */,
			);
			path = Views;
			sourceTree = "<group>";
		};
		5445A5672C08E26C003AC5E1 /* TabBar */ = {
			isa = PBXGroup;
			children = (
			);
			path = TabBar;
			sourceTree = "<group>";
		};
		5445A5682C08E276003AC5E1 /* HomeView */ = {
			isa = PBXGroup;
			children = (
				5445A56A2C08E303003AC5E1 /* HomeView.swift */,
			);
			path = HomeView;
			sourceTree = "<group>";
		};
		5445A5692C08E296003AC5E1 /* DetailSpendings */ = {
			isa = PBXGroup;
			children = (
			);
			path = DetailSpendings;
			sourceTree = "<group>";
		};
		54BB9F282C1C70440005BCFD /* RegisterView */ = {
			isa = PBXGroup;
			children = (
				54BB9F292C1C70570005BCFD /* RegisterView.swift */,
			);
			path = RegisterView;
			sourceTree = "<group>";
		};
		54C170F12C0780FE00AFA983 = {
			isa = PBXGroup;
			children = (
				54C170FC2C0780FE00AFA983 /* Expense Tracker */,
				54C170FB2C0780FE00AFA983 /* Products */,
			);
			sourceTree = "<group>";
		};
		54C170FB2C0780FE00AFA983 /* Products */ = {
			isa = PBXGroup;
			children = (
				54C170FA2C0780FE00AFA983 /* Expense Tracker.app */,
			);
			name = Products;
			sourceTree = "<group>";
		};
		54C170FC2C0780FE00AFA983 /* Expense Tracker */ = {
			isa = PBXGroup;
			children = (
				5445A5662C08E254003AC5E1 /* Views */,
				5445A5632C08D0D8003AC5E1 /* Components */,
				5445A55E2C08CFE9003AC5E1 /* Extensions */,
				54C170FD2C0780FE00AFA983 /* Expense_TrackerApp.swift */,
				54C171012C07810000AFA983 /* Assets.xcassets */,
				54C171032C07810000AFA983 /* Preview Content */,
			);
			path = "Expense Tracker";
			sourceTree = "<group>";
		};
		54C171032C07810000AFA983 /* Preview Content */ = {
			isa = PBXGroup;
			children = (
				54C171042C07810000AFA983 /* Preview Assets.xcassets */,
			);
			path = "Preview Content";
			sourceTree = "<group>";
		};
		54C1710B2C07814000AFA983 /* AuthView */ = {
			isa = PBXGroup;
			children = (
				54C1710C2C07814E00AFA983 /* AuthView.swift */,
			);
			path = AuthView;
			sourceTree = "<group>";
		};
/* End PBXGroup section */

/* Begin PBXNativeTarget section */
		54C170F92C0780FE00AFA983 /* Expense Tracker */ = {
			isa = PBXNativeTarget;
			buildConfigurationList = 54C171082C07810000AFA983 /* Build configuration list for PBXNativeTarget "Expense Tracker" */;
			buildPhases = (
				54C170F62C0780FE00AFA983 /* Sources */,
				54C170F72C0780FE00AFA983 /* Frameworks */,
				54C170F82C0780FE00AFA983 /* Resources */,
			);
			buildRules = (
			);
			dependencies = (
			);
			name = "Expense Tracker";
			productName = "Expense Tracker";
			productReference = 54C170FA2C0780FE00AFA983 /* Expense Tracker.app */;
			productType = "com.apple.product-type.application";
		};
/* End PBXNativeTarget section */

/* Begin PBXProject section */
		54C170F22C0780FE00AFA983 /* Project object */ = {
			isa = PBXProject;
			attributes = {
				BuildIndependentTargetsInParallel = 1;
				LastSwiftUpdateCheck = 1540;
				LastUpgradeCheck = 1540;
				TargetAttributes = {
					54C170F92C0780FE00AFA983 = {
						CreatedOnToolsVersion = 15.4;
					};
				};
			};
			buildConfigurationList = 54C170F52C0780FE00AFA983 /* Build configuration list for PBXProject "Expense Tracker" */;
			compatibilityVersion = "Xcode 14.0";
			developmentRegion = en;
			hasScannedForEncodings = 0;
			knownRegions = (
				en,
				Base,
			);
			mainGroup = 54C170F12C0780FE00AFA983;
			productRefGroup = 54C170FB2C0780FE00AFA983 /* Products */;
			projectDirPath = "";
			projectRoot = "";
			targets = (
				54C170F92C0780FE00AFA983 /* Expense Tracker */,
			);
		};
/* End PBXProject section */

/* Begin PBXResourcesBuildPhase section */
		54C170F82C0780FE00AFA983 /* Resources */ = {
			isa = PBXResourcesBuildPhase;
			buildActionMask = 2147483647;
			files = (
				54C171052C07810000AFA983 /* Preview Assets.xcassets in Resources */,
				54C171022C07810000AFA983 /* Assets.xcassets in Resources */,
			);
			runOnlyForDeploymentPostprocessing = 0;
		};
/* End PBXResourcesBuildPhase section */

/* Begin PBXSourcesBuildPhase section */
		54C170F62C0780FE00AFA983 /* Sources */ = {
			isa = PBXSourcesBuildPhase;
			buildActionMask = 2147483647;
			files = (
				5445A55D2C08CF5F003AC5E1 /* OnboardingView.swift in Sources */,
				5445A56B2C08E303003AC5E1 /* HomeView.swift in Sources */,
				5445A5652C08D1D8003AC5E1 /* OnboardingText.swift in Sources */,
				54BB9F2E2C1C792D0005BCFD /* SecurityTextField.swift in Sources */,
				54C1710D2C07814E00AFA983 /* AuthView.swift in Sources */,
				5445A5622C08D046003AC5E1 /* SizeExtensions.swift in Sources */,
				54BB9F2C2C1C73BF0005BCFD /* View.swift in Sources */,
				54BB9F2A2C1C70570005BCFD /* RegisterView.swift in Sources */,
				5445A5602C08CFF6003AC5E1 /* ImageEnum.swift in Sources */,
				54C170FE2C0780FE00AFA983 /* Expense_TrackerApp.swift in Sources */,
			);
			runOnlyForDeploymentPostprocessing = 0;
		};
/* End PBXSourcesBuildPhase section */

/* Begin XCBuildConfiguration section */
		54C171062C07810000AFA983 /* Debug */ = {
			isa = XCBuildConfiguration;
			buildSettings = {
				ALWAYS_SEARCH_USER_PATHS = NO;
				ASSETCATALOG_COMPILER_GENERATE_SWIFT_ASSET_SYMBOL_EXTENSIONS = YES;
				CLANG_ANALYZER_NONNULL = YES;
				CLANG_ANALYZER_NUMBER_OBJECT_CONVERSION = YES_AGGRESSIVE;
				CLANG_CXX_LANGUAGE_STANDARD = "gnu++20";
				CLANG_ENABLE_MODULES = YES;
				CLANG_ENABLE_OBJC_ARC = YES;
				CLANG_ENABLE_OBJC_WEAK = YES;
				CLANG_WARN_BLOCK_CAPTURE_AUTORELEASING = YES;
				CLANG_WARN_BOOL_CONVERSION = YES;
				CLANG_WARN_COMMA = YES;
				CLANG_WARN_CONSTANT_CONVERSION = YES;
				CLANG_WARN_DEPRECATED_OBJC_IMPLEMENTATIONS = YES;
				CLANG_WARN_DIRECT_OBJC_ISA_USAGE = YES_ERROR;
				CLANG_WARN_DOCUMENTATION_COMMENTS = YES;
				CLANG_WARN_EMPTY_BODY = YES;
				CLANG_WARN_ENUM_CONVERSION = YES;
				CLANG_WARN_INFINITE_RECURSION = YES;
				CLANG_WARN_INT_CONVERSION = YES;
				CLANG_WARN_NON_LITERAL_NULL_CONVERSION = YES;
				CLANG_WARN_OBJC_IMPLICIT_RETAIN_SELF = YES;
				CLANG_WARN_OBJC_LITERAL_CONVERSION = YES;
				CLANG_WARN_OBJC_ROOT_CLASS = YES_ERROR;
				CLANG_WARN_QUOTED_INCLUDE_IN_FRAMEWORK_HEADER = YES;
				CLANG_WARN_RANGE_LOOP_ANALYSIS = YES;
				CLANG_WARN_STRICT_PROTOTYPES = YES;
				CLANG_WARN_SUSPICIOUS_MOVE = YES;
				CLANG_WARN_UNGUARDED_AVAILABILITY = YES_AGGRESSIVE;
				CLANG_WARN_UNREACHABLE_CODE = YES;
				CLANG_WARN__DUPLICATE_METHOD_MATCH = YES;
				COPY_PHASE_STRIP = NO;
				DEBUG_INFORMATION_FORMAT = dwarf;
				ENABLE_STRICT_OBJC_MSGSEND = YES;
				ENABLE_TESTABILITY = YES;
				ENABLE_USER_SCRIPT_SANDBOXING = YES;
				GCC_C_LANGUAGE_STANDARD = gnu17;
				GCC_DYNAMIC_NO_PIC = NO;
				GCC_NO_COMMON_BLOCKS = YES;
				GCC_OPTIMIZATION_LEVEL = 0;
				GCC_PREPROCESSOR_DEFINITIONS = (
					"DEBUG=1",
					"$(inherited)",
				);
				GCC_WARN_64_TO_32_BIT_CONVERSION = YES;
				GCC_WARN_ABOUT_RETURN_TYPE = YES_ERROR;
				GCC_WARN_UNDECLARED_SELECTOR = YES;
				GCC_WARN_UNINITIALIZED_AUTOS = YES_AGGRESSIVE;
				GCC_WARN_UNUSED_FUNCTION = YES;
				GCC_WARN_UNUSED_VARIABLE = YES;
				IPHONEOS_DEPLOYMENT_TARGET = 17.5;
				LOCALIZATION_PREFERS_STRING_CATALOGS = YES;
				MTL_ENABLE_DEBUG_INFO = INCLUDE_SOURCE;
				MTL_FAST_MATH = YES;
				ONLY_ACTIVE_ARCH = YES;
				SDKROOT = iphoneos;
				SWIFT_ACTIVE_COMPILATION_CONDITIONS = "DEBUG $(inherited)";
				SWIFT_OPTIMIZATION_LEVEL = "-Onone";
			};
			name = Debug;
		};
		54C171072C07810000AFA983 /* Release */ = {
			isa = XCBuildConfiguration;
			buildSettings = {
				ALWAYS_SEARCH_USER_PATHS = NO;
				ASSETCATALOG_COMPILER_GENERATE_SWIFT_ASSET_SYMBOL_EXTENSIONS = YES;
				CLANG_ANALYZER_NONNULL = YES;
				CLANG_ANALYZER_NUMBER_OBJECT_CONVERSION = YES_AGGRESSIVE;
				CLANG_CXX_LANGUAGE_STANDARD = "gnu++20";
				CLANG_ENABLE_MODULES = YES;
				CLANG_ENABLE_OBJC_ARC = YES;
				CLANG_ENABLE_OBJC_WEAK = YES;
				CLANG_WARN_BLOCK_CAPTURE_AUTORELEASING = YES;
				CLANG_WARN_BOOL_CONVERSION = YES;
				CLANG_WARN_COMMA = YES;
				CLANG_WARN_CONSTANT_CONVERSION = YES;
				CLANG_WARN_DEPRECATED_OBJC_IMPLEMENTATIONS = YES;
				CLANG_WARN_DIRECT_OBJC_ISA_USAGE = YES_ERROR;
				CLANG_WARN_DOCUMENTATION_COMMENTS = YES;
				CLANG_WARN_EMPTY_BODY = YES;
				CLANG_WARN_ENUM_CONVERSION = YES;
				CLANG_WARN_INFINITE_RECURSION = YES;
				CLANG_WARN_INT_CONVERSION = YES;
				CLANG_WARN_NON_LITERAL_NULL_CONVERSION = YES;
				CLANG_WARN_OBJC_IMPLICIT_RETAIN_SELF = YES;
				CLANG_WARN_OBJC_LITERAL_CONVERSION = YES;
				CLANG_WARN_OBJC_ROOT_CLASS = YES_ERROR;
				CLANG_WARN_QUOTED_INCLUDE_IN_FRAMEWORK_HEADER = YES;
				CLANG_WARN_RANGE_LOOP_ANALYSIS = YES;
				CLANG_WARN_STRICT_PROTOTYPES = YES;
				CLANG_WARN_SUSPICIOUS_MOVE = YES;
				CLANG_WARN_UNGUARDED_AVAILABILITY = YES_AGGRESSIVE;
				CLANG_WARN_UNREACHABLE_CODE = YES;
				CLANG_WARN__DUPLICATE_METHOD_MATCH = YES;
				COPY_PHASE_STRIP = NO;
				DEBUG_INFORMATION_FORMAT = "dwarf-with-dsym";
				ENABLE_NS_ASSERTIONS = NO;
				ENABLE_STRICT_OBJC_MSGSEND = YES;
				ENABLE_USER_SCRIPT_SANDBOXING = YES;
				GCC_C_LANGUAGE_STANDARD = gnu17;
				GCC_NO_COMMON_BLOCKS = YES;
				GCC_WARN_64_TO_32_BIT_CONVERSION = YES;
				GCC_WARN_ABOUT_RETURN_TYPE = YES_ERROR;
				GCC_WARN_UNDECLARED_SELECTOR = YES;
				GCC_WARN_UNINITIALIZED_AUTOS = YES_AGGRESSIVE;
				GCC_WARN_UNUSED_FUNCTION = YES;
				GCC_WARN_UNUSED_VARIABLE = YES;
				IPHONEOS_DEPLOYMENT_TARGET = 17.5;
				LOCALIZATION_PREFERS_STRING_CATALOGS = YES;
				MTL_ENABLE_DEBUG_INFO = NO;
				MTL_FAST_MATH = YES;
				SDKROOT = iphoneos;
				SWIFT_COMPILATION_MODE = wholemodule;
				VALIDATE_PRODUCT = YES;
			};
			name = Release;
		};
		54C171092C07810000AFA983 /* Debug */ = {
			isa = XCBuildConfiguration;
			buildSettings = {
				ASSETCATALOG_COMPILER_APPICON_NAME = AppIcon;
				ASSETCATALOG_COMPILER_GLOBAL_ACCENT_COLOR_NAME = AccentColor;
				CODE_SIGN_STYLE = Automatic;
				CURRENT_PROJECT_VERSION = 1;
				DEVELOPMENT_ASSET_PATHS = "\"Expense Tracker/Preview Content\"";
				DEVELOPMENT_TEAM = 6N55PVMV5W;
				ENABLE_PREVIEWS = YES;
				GENERATE_INFOPLIST_FILE = YES;
				INFOPLIST_KEY_UIApplicationSceneManifest_Generation = YES;
				INFOPLIST_KEY_UIApplicationSupportsIndirectInputEvents = YES;
				INFOPLIST_KEY_UILaunchScreen_Generation = YES;
				INFOPLIST_KEY_UISupportedInterfaceOrientations_iPad = "UIInterfaceOrientationPortrait UIInterfaceOrientationPortraitUpsideDown UIInterfaceOrientationLandscapeLeft UIInterfaceOrientationLandscapeRight";
				INFOPLIST_KEY_UISupportedInterfaceOrientations_iPhone = "UIInterfaceOrientationPortrait UIInterfaceOrientationLandscapeLeft UIInterfaceOrientationLandscapeRight";
				LD_RUNPATH_SEARCH_PATHS = (
					"$(inherited)",
					"@executable_path/Frameworks",
				);
				MARKETING_VERSION = 1.0;
				PRODUCT_BUNDLE_IDENTIFIER = "a4rk0v.Expense-Tracker";
				PRODUCT_NAME = "$(TARGET_NAME)";
				SWIFT_EMIT_LOC_STRINGS = YES;
				SWIFT_VERSION = 5.0;
				TARGETED_DEVICE_FAMILY = "1,2";
			};
			name = Debug;
		};
		54C1710A2C07810000AFA983 /* Release */ = {
			isa = XCBuildConfiguration;
			buildSettings = {
				ASSETCATALOG_COMPILER_APPICON_NAME = AppIcon;
				ASSETCATALOG_COMPILER_GLOBAL_ACCENT_COLOR_NAME = AccentColor;
				CODE_SIGN_STYLE = Automatic;
				CURRENT_PROJECT_VERSION = 1;
				DEVELOPMENT_ASSET_PATHS = "\"Expense Tracker/Preview Content\"";
				DEVELOPMENT_TEAM = 6N55PVMV5W;
				ENABLE_PREVIEWS = YES;
				GENERATE_INFOPLIST_FILE = YES;
				INFOPLIST_KEY_UIApplicationSceneManifest_Generation = YES;
				INFOPLIST_KEY_UIApplicationSupportsIndirectInputEvents = YES;
				INFOPLIST_KEY_UILaunchScreen_Generation = YES;
				INFOPLIST_KEY_UISupportedInterfaceOrientations_iPad = "UIInterfaceOrientationPortrait UIInterfaceOrientationPortraitUpsideDown UIInterfaceOrientationLandscapeLeft UIInterfaceOrientationLandscapeRight";
				INFOPLIST_KEY_UISupportedInterfaceOrientations_iPhone = "UIInterfaceOrientationPortrait UIInterfaceOrientationLandscapeLeft UIInterfaceOrientationLandscapeRight";
				LD_RUNPATH_SEARCH_PATHS = (
					"$(inherited)",
					"@executable_path/Frameworks",
				);
				MARKETING_VERSION = 1.0;
				PRODUCT_BUNDLE_IDENTIFIER = "a4rk0v.Expense-Tracker";
				PRODUCT_NAME = "$(TARGET_NAME)";
				SWIFT_EMIT_LOC_STRINGS = YES;
				SWIFT_VERSION = 5.0;
				TARGETED_DEVICE_FAMILY = "1,2";
			};
			name = Release;
		};
/* End XCBuildConfiguration section */

/* Begin XCConfigurationList section */
		54C170F52C0780FE00AFA983 /* Build configuration list for PBXProject "Expense Tracker" */ = {
			isa = XCConfigurationList;
			buildConfigurations = (
				54C171062C07810000AFA983 /* Debug */,
				54C171072C07810000AFA983 /* Release */,
			);
			defaultConfigurationIsVisible = 0;
			defaultConfigurationName = Release;
		};
		54C171082C07810000AFA983 /* Build configuration list for PBXNativeTarget "Expense Tracker" */ = {
			isa = XCConfigurationList;
			buildConfigurations = (
				54C171092C07810000AFA983 /* Debug */,
				54C1710A2C07810000AFA983 /* Release */,
			);
			defaultConfigurationIsVisible = 0;
			defaultConfigurationName = Release;
		};
/* End XCConfigurationList section */
	};
	rootObject = 54C170F22C0780FE00AFA983 /* Project object */;
}
